
Microsoft Visual Studio Solution File, Format Version 12.00
# Visual Studio Version 17
VisualStudioVersion = 17.5.33424.131
MinimumVisualStudioVersion = 10.0.40219.1
Project("{FAE04EC0-301F-11D3-BF4B-00C04F79EFBC}") = "DevFreela.Payments.API", "DevFreela.Payments.API\DevFreela.Payments.API.csproj", "{758AC6A3-946A-46C3-A178-108BA33C72FB}"
EndProject
Global
	GlobalSection(SolutionConfigurationPlatforms) = preSolution
		Debug|Any CPU = Debug|Any CPU
		Release|Any CPU = Release|Any CPU
	EndGlobalSection
	GlobalSection(ProjectConfigurationPlatforms) = postSolution
		{758AC6A3-946A-46C3-A178-108BA33C72FB}.Debug|Any CPU.ActiveCfg = Debug|Any CPU
		{758AC6A3-946A-46C3-A178-108BA33C72FB}.Debug|Any CPU.Build.0 = Debug|Any CPU
		{758AC6A3-946A-46C3-A178-108BA33C72FB}.Release|Any CPU.ActiveCfg = Release|Any CPU
		{758AC6A3-946A-46C3-A178-108BA33C72FB}.Release|Any CPU.Build.0 = Release|Any CPU
	EndGlobalSection
	GlobalSection(SolutionProperties) = preSolution
		HideSolutionNode = FALSE
	EndGlobalSection
	GlobalSection(ExtensibilityGlobals) = postSolution
		SolutionGuid = {651F4C15-9411-42A2-AA47-37FC1342C6C7}
	EndGlobalSection
EndGlobal
